
Microsoft Visual Studio Solution File, Format Version 12.00
# Visual Studio Version 17
VisualStudioVersion = 17.11.35208.52
MinimumVisualStudioVersion = 10.0.40219.1
Project("{9A19103F-16F7-4668-BE54-9A1E7A4F7556}") = "CleanArchMvc.Domain", "src\CleanArchMvc.Domain\CleanArchMvc.Domain.csproj", "{7BBF3497-D500-49F3-B4A4-2900354D5285}"
EndProject
Project("{9A19103F-16F7-4668-BE54-9A1E7A4F7556}") = "CleanArchMvc.Application", "src\CleanArchMvc.Application\CleanArchMvc.Application.csproj", "{2CD74DED-3B57-4FF3-8078-7EC7E7F26472}"
EndProject
Project("{9A19103F-16F7-4668-BE54-9A1E7A4F7556}") = "CleanArchMvc.Infra.Data", "src\CleanArchMvc.Infra.Data\CleanArchMvc.Infra.Data.csproj", "{2FA18C73-2DFC-4DBC-BEA2-5D7478B7283F}"
EndProject
Project("{9A19103F-16F7-4668-BE54-9A1E7A4F7556}") = "CleanArchMvc.Infra.IoC", "src\CleanArchMvc.Infra.IoC\CleanArchMvc.Infra.IoC.csproj", "{B31C46BF-E06C-41E4-A0D3-BB730BA792E5}"
EndProject
Project("{9A19103F-16F7-4668-BE54-9A1E7A4F7556}") = "CleanArchMvc.WebUI", "src\CleanArchMvc.WebUI\CleanArchMvc.WebUI.csproj", "{844456A0-13E3-46B4-8D32-261492C73803}"
EndProject
Project("{2150E333-8FDC-42A3-9474-1A3956D46DE8}") = "src", "src", "{66814E50-AECE-4A12-BF43-5D8E275588EF}"
EndProject
Project("{2150E333-8FDC-42A3-9474-1A3956D46DE8}") = "test", "test", "{19D8686A-49AC-4E90-B252-9718772B9C08}"
EndProject
Project("{9A19103F-16F7-4668-BE54-9A1E7A4F7556}") = "CleanArchMvc.Domain.Tests", "test\CleanArchMvc.Domain.Tests\CleanArchMvc.Domain.Tests.csproj", "{C0F69053-1B4A-4FD0-A7D0-4FC2C912A243}"
EndProject
Project("{FAE04EC0-301F-11D3-BF4B-00C04F79EFBC}") = "CleanArchMvc.API", "src\CleanArchMvc.API\CleanArchMvc.API.csproj", "{695B2CF7-B8FB-4D7A-916A-A71F45FB5329}"
EndProject
Global
	GlobalSection(SolutionConfigurationPlatforms) = preSolution
		Debug|Any CPU = Debug|Any CPU
		Release|Any CPU = Release|Any CPU
	EndGlobalSection
	GlobalSection(ProjectConfigurationPlatforms) = postSolution
		{7BBF3497-D500-49F3-B4A4-2900354D5285}.Debug|Any CPU.ActiveCfg = Debug|Any CPU
		{7BBF3497-D500-49F3-B4A4-2900354D5285}.Debug|Any CPU.Build.0 = Debug|Any CPU
		{7BBF3497-D500-49F3-B4A4-2900354D5285}.Release|Any CPU.ActiveCfg = Release|Any CPU
		{7BBF3497-D500-49F3-B4A4-2900354D5285}.Release|Any CPU.Build.0 = Release|Any CPU
		{2CD74DED-3B57-4FF3-8078-7EC7E7F26472}.Debug|Any CPU.ActiveCfg = Debug|Any CPU
		{2CD74DED-3B57-4FF3-8078-7EC7E7F26472}.Debug|Any CPU.Build.0 = Debug|Any CPU
		{2CD74DED-3B57-4FF3-8078-7EC7E7F26472}.Release|Any CPU.ActiveCfg = Release|Any CPU
		{2CD74DED-3B57-4FF3-8078-7EC7E7F26472}.Release|Any CPU.Build.0 = Release|Any CPU
		{2FA18C73-2DFC-4DBC-BEA2-5D7478B7283F}.Debug|Any CPU.ActiveCfg = Debug|Any CPU
		{2FA18C73-2DFC-4DBC-BEA2-5D7478B7283F}.Debug|Any CPU.Build.0 = Debug|Any CPU
		{2FA18C73-2DFC-4DBC-BEA2-5D7478B7283F}.Release|Any CPU.ActiveCfg = Release|Any CPU
		{2FA18C73-2DFC-4DBC-BEA2-5D7478B7283F}.Release|Any CPU.Build.0 = Release|Any CPU
		{B31C46BF-E06C-41E4-A0D3-BB730BA792E5}.Debug|Any CPU.ActiveCfg = Debug|Any CPU
		{B31C46BF-E06C-41E4-A0D3-BB730BA792E5}.Debug|Any CPU.Build.0 = Debug|Any CPU
		{B31C46BF-E06C-41E4-A0D3-BB730BA792E5}.Release|Any CPU.ActiveCfg = Release|Any CPU
		{B31C46BF-E06C-41E4-A0D3-BB730BA792E5}.Release|Any CPU.Build.0 = Release|Any CPU
		{844456A0-13E3-46B4-8D32-261492C73803}.Debug|Any CPU.ActiveCfg = Debug|Any CPU
		{844456A0-13E3-46B4-8D32-261492C73803}.Debug|Any CPU.Build.0 = Debug|Any CPU
		{844456A0-13E3-46B4-8D32-261492C73803}.Release|Any CPU.ActiveCfg = Release|Any CPU
		{844456A0-13E3-46B4-8D32-261492C73803}.Release|Any CPU.Build.0 = Release|Any CPU
		{C0F69053-1B4A-4FD0-A7D0-4FC2C912A243}.Debug|Any CPU.ActiveCfg = Debug|Any CPU
		{C0F69053-1B4A-4FD0-A7D0-4FC2C912A243}.Debug|Any CPU.Build.0 = Debug|Any CPU
		{C0F69053-1B4A-4FD0-A7D0-4FC2C912A243}.Release|Any CPU.ActiveCfg = Release|Any CPU
		{C0F69053-1B4A-4FD0-A7D0-4FC2C912A243}.Release|Any CPU.Build.0 = Release|Any CPU
		{695B2CF7-B8FB-4D7A-916A-A71F45FB5329}.Debug|Any CPU.ActiveCfg = Debug|Any CPU
		{695B2CF7-B8FB-4D7A-916A-A71F45FB5329}.Debug|Any CPU.Build.0 = Debug|Any CPU
		{695B2CF7-B8FB-4D7A-916A-A71F45FB5329}.Release|Any CPU.ActiveCfg = Release|Any CPU
		{695B2CF7-B8FB-4D7A-916A-A71F45FB5329}.Release|Any CPU.Build.0 = Release|Any CPU
	EndGlobalSection
	GlobalSection(SolutionProperties) = preSolution
		HideSolutionNode = FALSE
	EndGlobalSection
	GlobalSection(NestedProjects) = preSolution
		{7BBF3497-D500-49F3-B4A4-2900354D5285} = {66814E50-AECE-4A12-BF43-5D8E275588EF}
		{2CD74DED-3B57-4FF3-8078-7EC7E7F26472} = {66814E50-AECE-4A12-BF43-5D8E275588EF}
		{2FA18C73-2DFC-4DBC-BEA2-5D7478B7283F} = {66814E50-AECE-4A12-BF43-5D8E275588EF}
		{B31C46BF-E06C-41E4-A0D3-BB730BA792E5} = {66814E50-AECE-4A12-BF43-5D8E275588EF}
		{844456A0-13E3-46B4-8D32-261492C73803} = {66814E50-AECE-4A12-BF43-5D8E275588EF}
		{C0F69053-1B4A-4FD0-A7D0-4FC2C912A243} = {19D8686A-49AC-4E90-B252-9718772B9C08}
		{695B2CF7-B8FB-4D7A-916A-A71F45FB5329} = {66814E50-AECE-4A12-BF43-5D8E275588EF}
	EndGlobalSection
	GlobalSection(ExtensibilityGlobals) = postSolution
		SolutionGuid = {A9460774-21AA-4911-84F6-8C5207D07F28}
	EndGlobalSection
EndGlobal
